// !$*UTF8*$!
{
	archiveVersion = 1;
	classes = {
	};
	objectVersion = 56;
	objects = {

/* Begin PBXBuildFile section */
		1A37E81D2C1347180082534E /* Extension.swift in Sources */ = {isa = PBXBuildFile; fileRef = 1A37E81C2C1347180082534E /* Extension.swift */; };
		1A37E8202C1349890082534E /* PuzzleTile.swift in Sources */ = {isa = PBXBuildFile; fileRef = 1A37E81F2C1349890082534E /* PuzzleTile.swift */; };
		1A37E8232C134B430082534E /* LoaderView.swift in Sources */ = {isa = PBXBuildFile; fileRef = 1A37E8222C134B420082534E /* LoaderView.swift */; };
		1A37E82B2C134BC60082534E /* Poppins-Bold.ttf in Resources */ = {isa = PBXBuildFile; fileRef = 1A37E8262C134BC60082534E /* Poppins-Bold.ttf */; };
		1A37E82C2C134BC60082534E /* Poppins-Medium.ttf in Resources */ = {isa = PBXBuildFile; fileRef = 1A37E8272C134BC60082534E /* Poppins-Medium.ttf */; };
		1A37E82D2C134BC60082534E /* Poppins-Regular.ttf in Resources */ = {isa = PBXBuildFile; fileRef = 1A37E8282C134BC60082534E /* Poppins-Regular.ttf */; };
		1A37E82E2C134BC60082534E /* Poppins-SemiBold.ttf in Resources */ = {isa = PBXBuildFile; fileRef = 1A37E8292C134BC60082534E /* Poppins-SemiBold.ttf */; };
		1A37E8312C1351280082534E /* PuzzleLoader.swift in Sources */ = {isa = PBXBuildFile; fileRef = 1A37E8302C1351280082534E /* PuzzleLoader.swift */; };
		1A37E8332C13750D0082534E /* Reachability.swift in Sources */ = {isa = PBXBuildFile; fileRef = 1A37E8322C13750D0082534E /* Reachability.swift */; };
		1A37E8352C13A45A0082534E /* PuzzleView.swift in Sources */ = {isa = PBXBuildFile; fileRef = 1A37E8342C13A45A0082534E /* PuzzleView.swift */; };
		1A83719F2C12746D00DB3A00 /* PuzzleGameApp.swift in Sources */ = {isa = PBXBuildFile; fileRef = 1A83719E2C12746D00DB3A00 /* PuzzleGameApp.swift */; };
		1A8371A32C12746F00DB3A00 /* Assets.xcassets in Resources */ = {isa = PBXBuildFile; fileRef = 1A8371A22C12746F00DB3A00 /* Assets.xcassets */; };
		1A8371A62C12746F00DB3A00 /* Preview Assets.xcassets in Resources */ = {isa = PBXBuildFile; fileRef = 1A8371A52C12746F00DB3A00 /* Preview Assets.xcassets */; };
		1A8371A82C12746F00DB3A00 /* Persistence.swift in Sources */ = {isa = PBXBuildFile; fileRef = 1A8371A72C12746F00DB3A00 /* Persistence.swift */; };
		1A8371AB2C12746F00DB3A00 /* PuzzleGame.xcdatamodeld in Sources */ = {isa = PBXBuildFile; fileRef = 1A8371A92C12746F00DB3A00 /* PuzzleGame.xcdatamodeld */; };
		1A8371B52C12767700DB3A00 /* HomeView.swift in Sources */ = {isa = PBXBuildFile; fileRef = 1A8371B42C12767700DB3A00 /* HomeView.swift */; };
/* End PBXBuildFile section */

/* Begin PBXFileReference section */
		1A37E81C2C1347180082534E /* Extension.swift */ = {isa = PBXFileReference; lastKnownFileType = sourcecode.swift; path = Extension.swift; sourceTree = "<group>"; };
		1A37E81F2C1349890082534E /* PuzzleTile.swift */ = {isa = PBXFileReference; lastKnownFileType = sourcecode.swift; path = PuzzleTile.swift; sourceTree = "<group>"; };
		1A37E8222C134B420082534E /* LoaderView.swift */ = {isa = PBXFileReference; fileEncoding = 4; lastKnownFileType = sourcecode.swift; path = LoaderView.swift; sourceTree = "<group>"; };
		1A37E8262C134BC60082534E /* Poppins-Bold.ttf */ = {isa = PBXFileReference; lastKnownFileType = file; path = "Poppins-Bold.ttf"; sourceTree = "<group>"; };
		1A37E8272C134BC60082534E /* Poppins-Medium.ttf */ = {isa = PBXFileReference; lastKnownFileType = file; path = "Poppins-Medium.ttf"; sourceTree = "<group>"; };
		1A37E8282C134BC60082534E /* Poppins-Regular.ttf */ = {isa = PBXFileReference; lastKnownFileType = file; path = "Poppins-Regular.ttf"; sourceTree = "<group>"; };
		1A37E8292C134BC60082534E /* Poppins-SemiBold.ttf */ = {isa = PBXFileReference; lastKnownFileType = file; path = "Poppins-SemiBold.ttf"; sourceTree = "<group>"; };
		1A37E82F2C134BE60082534E /* Info.plist */ = {isa = PBXFileReference; lastKnownFileType = text.plist; path = Info.plist; sourceTree = "<group>"; };
		1A37E8302C1351280082534E /* PuzzleLoader.swift */ = {isa = PBXFileReference; lastKnownFileType = sourcecode.swift; path = PuzzleLoader.swift; sourceTree = "<group>"; };
		1A37E8322C13750D0082534E /* Reachability.swift */ = {isa = PBXFileReference; lastKnownFileType = sourcecode.swift; path = Reachability.swift; sourceTree = "<group>"; };
		1A37E8342C13A45A0082534E /* PuzzleView.swift */ = {isa = PBXFileReference; lastKnownFileType = sourcecode.swift; path = PuzzleView.swift; sourceTree = "<group>"; };
		1A83719B2C12746D00DB3A00 /* PuzzleGame.app */ = {isa = PBXFileReference; explicitFileType = wrapper.application; includeInIndex = 0; path = PuzzleGame.app; sourceTree = BUILT_PRODUCTS_DIR; };
		1A83719E2C12746D00DB3A00 /* PuzzleGameApp.swift */ = {isa = PBXFileReference; lastKnownFileType = sourcecode.swift; path = PuzzleGameApp.swift; sourceTree = "<group>"; };
		1A8371A22C12746F00DB3A00 /* Assets.xcassets */ = {isa = PBXFileReference; lastKnownFileType = folder.assetcatalog; path = Assets.xcassets; sourceTree = "<group>"; };
		1A8371A52C12746F00DB3A00 /* Preview Assets.xcassets */ = {isa = PBXFileReference; lastKnownFileType = folder.assetcatalog; path = "Preview Assets.xcassets"; sourceTree = "<group>"; };
		1A8371A72C12746F00DB3A00 /* Persistence.swift */ = {isa = PBXFileReference; lastKnownFileType = sourcecode.swift; path = Persistence.swift; sourceTree = "<group>"; };
		1A8371AA2C12746F00DB3A00 /* PuzzleGame.xcdatamodel */ = {isa = PBXFileReference; lastKnownFileType = wrapper.xcdatamodel; path = PuzzleGame.xcdatamodel; sourceTree = "<group>"; };
		1A8371B42C12767700DB3A00 /* HomeView.swift */ = {isa = PBXFileReference; lastKnownFileType = sourcecode.swift; path = HomeView.swift; sourceTree = "<group>"; };
/* End PBXFileReference section */

/* Begin PBXFrameworksBuildPhase section */
		1A8371982C12746D00DB3A00 /* Frameworks */ = {
			isa = PBXFrameworksBuildPhase;
			buildActionMask = 2147483647;
			files = (
			);
			runOnlyForDeploymentPostprocessing = 0;
		};
/* End PBXFrameworksBuildPhase section */

/* Begin PBXGroup section */
		1A37E81B2C13470A0082534E /* Extension */ = {
			isa = PBXGroup;
			children = (
				1A37E81C2C1347180082534E /* Extension.swift */,
			);
			path = Extension;
			sourceTree = "<group>";
		};
		1A37E81E2C1349750082534E /* Model */ = {
			isa = PBXGroup;
			children = (
				1A37E81F2C1349890082534E /* PuzzleTile.swift */,
				1A37E8302C1351280082534E /* PuzzleLoader.swift */,
			);
			path = Model;
			sourceTree = "<group>";
		};
		1A37E8212C134B2B0082534E /* Component */ = {
			isa = PBXGroup;
			children = (
				1A37E8222C134B420082534E /* LoaderView.swift */,
				1A37E8342C13A45A0082534E /* PuzzleView.swift */,
			);
			path = Component;
			sourceTree = "<group>";
		};
		1A37E8242C134B8F0082534E /* Utils */ = {
			isa = PBXGroup;
			children = (
				1A37E8322C13750D0082534E /* Reachability.swift */,
			);
			path = Utils;
			sourceTree = "<group>";
		};
		1A37E82A2C134BC60082534E /* Fonts */ = {
			isa = PBXGroup;
			children = (
				1A37E8262C134BC60082534E /* Poppins-Bold.ttf */,
				1A37E8272C134BC60082534E /* Poppins-Medium.ttf */,
				1A37E8282C134BC60082534E /* Poppins-Regular.ttf */,
				1A37E8292C134BC60082534E /* Poppins-SemiBold.ttf */,
			);
			path = Fonts;
			sourceTree = "<group>";
		};
		1A8371922C12746D00DB3A00 = {
			isa = PBXGroup;
			children = (
				1A83719D2C12746D00DB3A00 /* PuzzleGame */,
				1A83719C2C12746D00DB3A00 /* Products */,
			);
			sourceTree = "<group>";
		};
		1A83719C2C12746D00DB3A00 /* Products */ = {
			isa = PBXGroup;
			children = (
				1A83719B2C12746D00DB3A00 /* PuzzleGame.app */,
			);
			name = Products;
			sourceTree = "<group>";
		};
		1A83719D2C12746D00DB3A00 /* PuzzleGame */ = {
			isa = PBXGroup;
			children = (
				1A37E82F2C134BE60082534E /* Info.plist */,
				1A8371B12C12761200DB3A00 /* App */,
				1A8371B22C12762A00DB3A00 /* Views */,
				1A37E8212C134B2B0082534E /* Component */,
				1A37E81E2C1349750082534E /* Model */,
				1A8371B32C12763E00DB3A00 /* CoreData */,
				1A37E81B2C13470A0082534E /* Extension */,
				1A37E8242C134B8F0082534E /* Utils */,
				1A37E82A2C134BC60082534E /* Fonts */,
				1A8371A22C12746F00DB3A00 /* Assets.xcassets */,
				1A8371A42C12746F00DB3A00 /* Preview Content */,
			);
			path = PuzzleGame;
			sourceTree = "<group>";
		};
		1A8371A42C12746F00DB3A00 /* Preview Content */ = {
			isa = PBXGroup;
			children = (
				1A8371A52C12746F00DB3A00 /* Preview Assets.xcassets */,
			);
			path = "Preview Content";
			sourceTree = "<group>";
		};
		1A8371B12C12761200DB3A00 /* App */ = {
			isa = PBXGroup;
			children = (
				1A83719E2C12746D00DB3A00 /* PuzzleGameApp.swift */,
			);
			path = App;
			sourceTree = "<group>";
		};
		1A8371B22C12762A00DB3A00 /* Views */ = {
			isa = PBXGroup;
			children = (
				1A8371B42C12767700DB3A00 /* HomeView.swift */,
			);
			path = Views;
			sourceTree = "<group>";
		};
		1A8371B32C12763E00DB3A00 /* CoreData */ = {
			isa = PBXGroup;
			children = (
				1A8371A72C12746F00DB3A00 /* Persistence.swift */,
				1A8371A92C12746F00DB3A00 /* PuzzleGame.xcdatamodeld */,
			);
			path = CoreData;
			sourceTree = "<group>";
		};
/* End PBXGroup section */

/* Begin PBXNativeTarget section */
		1A83719A2C12746D00DB3A00 /* PuzzleGame */ = {
			isa = PBXNativeTarget;
			buildConfigurationList = 1A8371AE2C12746F00DB3A00 /* Build configuration list for PBXNativeTarget "PuzzleGame" */;
			buildPhases = (
				1A8371972C12746D00DB3A00 /* Sources */,
				1A8371982C12746D00DB3A00 /* Frameworks */,
				1A8371992C12746D00DB3A00 /* Resources */,
			);
			buildRules = (
			);
			dependencies = (
			);
			name = PuzzleGame;
			productName = PuzzleGame;
			productReference = 1A83719B2C12746D00DB3A00 /* PuzzleGame.app */;
			productType = "com.apple.product-type.application";
		};
/* End PBXNativeTarget section */

/* Begin PBXProject section */
		1A8371932C12746D00DB3A00 /* Project object */ = {
			isa = PBXProject;
			attributes = {
				BuildIndependentTargetsInParallel = 1;
				LastSwiftUpdateCheck = 1540;
				LastUpgradeCheck = 1540;
				TargetAttributes = {
					1A83719A2C12746D00DB3A00 = {
						CreatedOnToolsVersion = 15.4;
					};
				};
			};
			buildConfigurationList = 1A8371962C12746D00DB3A00 /* Build configuration list for PBXProject "PuzzleGame" */;
			compatibilityVersion = "Xcode 14.0";
			developmentRegion = en;
			hasScannedForEncodings = 0;
			knownRegions = (
				en,
				Base,
			);
			mainGroup = 1A8371922C12746D00DB3A00;
			productRefGroup = 1A83719C2C12746D00DB3A00 /* Products */;
			projectDirPath = "";
			projectRoot = "";
			targets = (
				1A83719A2C12746D00DB3A00 /* PuzzleGame */,
			);
		};
/* End PBXProject section */

/* Begin PBXResourcesBuildPhase section */
		1A8371992C12746D00DB3A00 /* Resources */ = {
			isa = PBXResourcesBuildPhase;
			buildActionMask = 2147483647;
			files = (
				1A8371A62C12746F00DB3A00 /* Preview Assets.xcassets in Resources */,
				1A37E82C2C134BC60082534E /* Poppins-Medium.ttf in Resources */,
				1A37E82B2C134BC60082534E /* Poppins-Bold.ttf in Resources */,
				1A37E82E2C134BC60082534E /* Poppins-SemiBold.ttf in Resources */,
				1A8371A32C12746F00DB3A00 /* Assets.xcassets in Resources */,
				1A37E82D2C134BC60082534E /* Poppins-Regular.ttf in Resources */,
			);
			runOnlyForDeploymentPostprocessing = 0;
		};
/* End PBXResourcesBuildPhase section */

/* Begin PBXSourcesBuildPhase section */
		1A8371972C12746D00DB3A00 /* Sources */ = {
			isa = PBXSourcesBuildPhase;
			buildActionMask = 2147483647;
			files = (
				1A37E81D2C1347180082534E /* Extension.swift in Sources */,
				1A8371A82C12746F00DB3A00 /* Persistence.swift in Sources */,
				1A83719F2C12746D00DB3A00 /* PuzzleGameApp.swift in Sources */,
				1A37E8232C134B430082534E /* LoaderView.swift in Sources */,
				1A37E8352C13A45A0082534E /* PuzzleView.swift in Sources */,
				1A37E8202C1349890082534E /* PuzzleTile.swift in Sources */,
				1A37E8332C13750D0082534E /* Reachability.swift in Sources */,
				1A8371B52C12767700DB3A00 /* HomeView.swift in Sources */,
				1A37E8312C1351280082534E /* PuzzleLoader.swift in Sources */,
				1A8371AB2C12746F00DB3A00 /* PuzzleGame.xcdatamodeld in Sources */,
			);
			runOnlyForDeploymentPostprocessing = 0;
		};
/* End PBXSourcesBuildPhase section */

/* Begin XCBuildConfiguration section */
		1A8371AC2C12746F00DB3A00 /* Debug */ = {
			isa = XCBuildConfiguration;
			buildSettings = {
				ALWAYS_SEARCH_USER_PATHS = NO;
				ASSETCATALOG_COMPILER_GENERATE_SWIFT_ASSET_SYMBOL_EXTENSIONS = YES;
				CLANG_ANALYZER_NONNULL = YES;
				CLANG_ANALYZER_NUMBER_OBJECT_CONVERSION = YES_AGGRESSIVE;
				CLANG_CXX_LANGUAGE_STANDARD = "gnu++20";
				CLANG_ENABLE_MODULES = YES;
				CLANG_ENABLE_OBJC_ARC = YES;
				CLANG_ENABLE_OBJC_WEAK = YES;
				CLANG_WARN_BLOCK_CAPTURE_AUTORELEASING = YES;
				CLANG_WARN_BOOL_CONVERSION = YES;
				CLANG_WARN_COMMA = YES;
				CLANG_WARN_CONSTANT_CONVERSION = YES;
				CLANG_WARN_DEPRECATED_OBJC_IMPLEMENTATIONS = YES;
				CLANG_WARN_DIRECT_OBJC_ISA_USAGE = YES_ERROR;
				CLANG_WARN_DOCUMENTATION_COMMENTS = YES;
				CLANG_WARN_EMPTY_BODY = YES;
				CLANG_WARN_ENUM_CONVERSION = YES;
				CLANG_WARN_INFINITE_RECURSION = YES;
				CLANG_WARN_INT_CONVERSION = YES;
				CLANG_WARN_NON_LITERAL_NULL_CONVERSION = YES;
				CLANG_WARN_OBJC_IMPLICIT_RETAIN_SELF = YES;
				CLANG_WARN_OBJC_LITERAL_CONVERSION = YES;
				CLANG_WARN_OBJC_ROOT_CLASS = YES_ERROR;
				CLANG_WARN_QUOTED_INCLUDE_IN_FRAMEWORK_HEADER = YES;
				CLANG_WARN_RANGE_LOOP_ANALYSIS = YES;
				CLANG_WARN_STRICT_PROTOTYPES = YES;
				CLANG_WARN_SUSPICIOUS_MOVE = YES;
				CLANG_WARN_UNGUARDED_AVAILABILITY = YES_AGGRESSIVE;
				CLANG_WARN_UNREACHABLE_CODE = YES;
				CLANG_WARN__DUPLICATE_METHOD_MATCH = YES;
				COPY_PHASE_STRIP = NO;
				DEBUG_INFORMATION_FORMAT = dwarf;
				ENABLE_STRICT_OBJC_MSGSEND = YES;
				ENABLE_TESTABILITY = YES;
				ENABLE_USER_SCRIPT_SANDBOXING = YES;
				GCC_C_LANGUAGE_STANDARD = gnu17;
				GCC_DYNAMIC_NO_PIC = NO;
				GCC_NO_COMMON_BLOCKS = YES;
				GCC_OPTIMIZATION_LEVEL = 0;
				GCC_PREPROCESSOR_DEFINITIONS = (
					"DEBUG=1",
					"$(inherited)",
				);
				GCC_WARN_64_TO_32_BIT_CONVERSION = YES;
				GCC_WARN_ABOUT_RETURN_TYPE = YES_ERROR;
				GCC_WARN_UNDECLARED_SELECTOR = YES;
				GCC_WARN_UNINITIALIZED_AUTOS = YES_AGGRESSIVE;
				GCC_WARN_UNUSED_FUNCTION = YES;
				GCC_WARN_UNUSED_VARIABLE = YES;
				IPHONEOS_DEPLOYMENT_TARGET = 17.5;
				LOCALIZATION_PREFERS_STRING_CATALOGS = YES;
				MTL_ENABLE_DEBUG_INFO = INCLUDE_SOURCE;
				MTL_FAST_MATH = YES;
				ONLY_ACTIVE_ARCH = YES;
				SDKROOT = iphoneos;
				SWIFT_ACTIVE_COMPILATION_CONDITIONS = "DEBUG $(inherited)";
				SWIFT_OPTIMIZATION_LEVEL = "-Onone";
			};
			name = Debug;
		};
		1A8371AD2C12746F00DB3A00 /* Release */ = {
			isa = XCBuildConfiguration;
			buildSettings = {
				ALWAYS_SEARCH_USER_PATHS = NO;
				ASSETCATALOG_COMPILER_GENERATE_SWIFT_ASSET_SYMBOL_EXTENSIONS = YES;
				CLANG_ANALYZER_NONNULL = YES;
				CLANG_ANALYZER_NUMBER_OBJECT_CONVERSION = YES_AGGRESSIVE;
				CLANG_CXX_LANGUAGE_STANDARD = "gnu++20";
				CLANG_ENABLE_MODULES = YES;
				CLANG_ENABLE_OBJC_ARC = YES;
				CLANG_ENABLE_OBJC_WEAK = YES;
				CLANG_WARN_BLOCK_CAPTURE_AUTORELEASING = YES;
				CLANG_WARN_BOOL_CONVERSION = YES;
				CLANG_WARN_COMMA = YES;
				CLANG_WARN_CONSTANT_CONVERSION = YES;
				CLANG_WARN_DEPRECATED_OBJC_IMPLEMENTATIONS = YES;
				CLANG_WARN_DIRECT_OBJC_ISA_USAGE = YES_ERROR;
				CLANG_WARN_DOCUMENTATION_COMMENTS = YES;
				CLANG_WARN_EMPTY_BODY = YES;
				CLANG_WARN_ENUM_CONVERSION = YES;
				CLANG_WARN_INFINITE_RECURSION = YES;
				CLANG_WARN_INT_CONVERSION = YES;
				CLANG_WARN_NON_LITERAL_NULL_CONVERSION = YES;
				CLANG_WARN_OBJC_IMPLICIT_RETAIN_SELF = YES;
				CLANG_WARN_OBJC_LITERAL_CONVERSION = YES;
				CLANG_WARN_OBJC_ROOT_CLASS = YES_ERROR;
				CLANG_WARN_QUOTED_INCLUDE_IN_FRAMEWORK_HEADER = YES;
				CLANG_WARN_RANGE_LOOP_ANALYSIS = YES;
				CLANG_WARN_STRICT_PROTOTYPES = YES;
				CLANG_WARN_SUSPICIOUS_MOVE = YES;
				CLANG_WARN_UNGUARDED_AVAILABILITY = YES_AGGRESSIVE;
				CLANG_WARN_UNREACHABLE_CODE = YES;
				CLANG_WARN__DUPLICATE_METHOD_MATCH = YES;
				COPY_PHASE_STRIP = NO;
				DEBUG_INFORMATION_FORMAT = "dwarf-with-dsym";
				ENABLE_NS_ASSERTIONS = NO;
				ENABLE_STRICT_OBJC_MSGSEND = YES;
				ENABLE_USER_SCRIPT_SANDBOXING = YES;
				GCC_C_LANGUAGE_STANDARD = gnu17;
				GCC_NO_COMMON_BLOCKS = YES;
				GCC_WARN_64_TO_32_BIT_CONVERSION = YES;
				GCC_WARN_ABOUT_RETURN_TYPE = YES_ERROR;
				GCC_WARN_UNDECLARED_SELECTOR = YES;
				GCC_WARN_UNINITIALIZED_AUTOS = YES_AGGRESSIVE;
				GCC_WARN_UNUSED_FUNCTION = YES;
				GCC_WARN_UNUSED_VARIABLE = YES;
				IPHONEOS_DEPLOYMENT_TARGET = 17.5;
				LOCALIZATION_PREFERS_STRING_CATALOGS = YES;
				MTL_ENABLE_DEBUG_INFO = NO;
				MTL_FAST_MATH = YES;
				SDKROOT = iphoneos;
				SWIFT_COMPILATION_MODE = wholemodule;
				VALIDATE_PRODUCT = YES;
			};
			name = Release;
		};
		1A8371AF2C12746F00DB3A00 /* Debug */ = {
			isa = XCBuildConfiguration;
			buildSettings = {
				ASSETCATALOG_COMPILER_APPICON_NAME = AppIcon;
				ASSETCATALOG_COMPILER_GLOBAL_ACCENT_COLOR_NAME = AccentColor;
				CODE_SIGN_STYLE = Automatic;
				CURRENT_PROJECT_VERSION = 1;
				DEVELOPMENT_ASSET_PATHS = "\"PuzzleGame/Preview Content\"";
				DEVELOPMENT_TEAM = 43C673Q94L;
				ENABLE_PREVIEWS = YES;
				GENERATE_INFOPLIST_FILE = YES;
				INFOPLIST_FILE = PuzzleGame/Info.plist;
				INFOPLIST_KEY_UIApplicationSceneManifest_Generation = YES;
				INFOPLIST_KEY_UIApplicationSupportsIndirectInputEvents = YES;
				INFOPLIST_KEY_UILaunchScreen_Generation = YES;
				INFOPLIST_KEY_UISupportedInterfaceOrientations_iPad = "UIInterfaceOrientationPortrait UIInterfaceOrientationPortraitUpsideDown UIInterfaceOrientationLandscapeLeft UIInterfaceOrientationLandscapeRight";
				INFOPLIST_KEY_UISupportedInterfaceOrientations_iPhone = "UIInterfaceOrientationPortrait UIInterfaceOrientationLandscapeLeft UIInterfaceOrientationLandscapeRight";
				IPHONEOS_DEPLOYMENT_TARGET = 16.0;
				LD_RUNPATH_SEARCH_PATHS = (
					"$(inherited)",
					"@executable_path/Frameworks",
				);
				MARKETING_VERSION = 1.0;
				PRODUCT_BUNDLE_IDENTIFIER = com.theswiftdev.PuzzleGame;
				PRODUCT_NAME = "$(TARGET_NAME)";
				SWIFT_EMIT_LOC_STRINGS = YES;
				SWIFT_VERSION = 5.0;
				TARGETED_DEVICE_FAMILY = "1,2";
			};
			name = Debug;
		};
		1A8371B02C12746F00DB3A00 /* Release */ = {
			isa = XCBuildConfiguration;
			buildSettings = {
				ASSETCATALOG_COMPILER_APPICON_NAME = AppIcon;
				ASSETCATALOG_COMPILER_GLOBAL_ACCENT_COLOR_NAME = AccentColor;
				CODE_SIGN_STYLE = Automatic;
				CURRENT_PROJECT_VERSION = 1;
				DEVELOPMENT_ASSET_PATHS = "\"PuzzleGame/Preview Content\"";
				DEVELOPMENT_TEAM = 43C673Q94L;
				ENABLE_PREVIEWS = YES;
				GENERATE_INFOPLIST_FILE = YES;
				INFOPLIST_FILE = PuzzleGame/Info.plist;
				INFOPLIST_KEY_UIApplicationSceneManifest_Generation = YES;
				INFOPLIST_KEY_UIApplicationSupportsIndirectInputEvents = YES;
				INFOPLIST_KEY_UILaunchScreen_Generation = YES;
				INFOPLIST_KEY_UISupportedInterfaceOrientations_iPad = "UIInterfaceOrientationPortrait UIInterfaceOrientationPortraitUpsideDown UIInterfaceOrientationLandscapeLeft UIInterfaceOrientationLandscapeRight";
				INFOPLIST_KEY_UISupportedInterfaceOrientations_iPhone = "UIInterfaceOrientationPortrait UIInterfaceOrientationLandscapeLeft UIInterfaceOrientationLandscapeRight";
				IPHONEOS_DEPLOYMENT_TARGET = 16.0;
				LD_RUNPATH_SEARCH_PATHS = (
					"$(inherited)",
					"@executable_path/Frameworks",
				);
				MARKETING_VERSION = 1.0;
				PRODUCT_BUNDLE_IDENTIFIER = com.theswiftdev.PuzzleGame;
				PRODUCT_NAME = "$(TARGET_NAME)";
				SWIFT_EMIT_LOC_STRINGS = YES;
				SWIFT_VERSION = 5.0;
				TARGETED_DEVICE_FAMILY = "1,2";
			};
			name = Release;
		};
/* End XCBuildConfiguration section */

/* Begin XCConfigurationList section */
		1A8371962C12746D00DB3A00 /* Build configuration list for PBXProject "PuzzleGame" */ = {
			isa = XCConfigurationList;
			buildConfigurations = (
				1A8371AC2C12746F00DB3A00 /* Debug */,
				1A8371AD2C12746F00DB3A00 /* Release */,
			);
			defaultConfigurationIsVisible = 0;
			defaultConfigurationName = Release;
		};
		1A8371AE2C12746F00DB3A00 /* Build configuration list for PBXNativeTarget "PuzzleGame" */ = {
			isa = XCConfigurationList;
			buildConfigurations = (
				1A8371AF2C12746F00DB3A00 /* Debug */,
				1A8371B02C12746F00DB3A00 /* Release */,
			);
			defaultConfigurationIsVisible = 0;
			defaultConfigurationName = Release;
		};
/* End XCConfigurationList section */

/* Begin XCVersionGroup section */
		1A8371A92C12746F00DB3A00 /* PuzzleGame.xcdatamodeld */ = {
			isa = XCVersionGroup;
			children = (
				1A8371AA2C12746F00DB3A00 /* PuzzleGame.xcdatamodel */,
			);
			currentVersion = 1A8371AA2C12746F00DB3A00 /* PuzzleGame.xcdatamodel */;
			path = PuzzleGame.xcdatamodeld;
			sourceTree = "<group>";
			versionGroupType = wrapper.xcdatamodel;
		};
/* End XCVersionGroup section */
	};
	rootObject = 1A8371932C12746D00DB3A00 /* Project object */;
}
